// !$*UTF8*$!
{
	archiveVersion = 1;
	classes = {
	};
	objectVersion = 56;
	objects = {

/* Begin PBXBuildFile section */
		6F386B239B8E910EA7212345 /* Pods_Culturist.framework in Frameworks */ = {isa = PBXBuildFile; fileRef = 4AC179CAA68583C2FC0200B3 /* Pods_Culturist.framework */; };
		F80D8D5C2ABFF32A009195B2 /* SearchViewController.swift in Sources */ = {isa = PBXBuildFile; fileRef = F80D8D5B2ABFF32A009195B2 /* SearchViewController.swift */; };
		F80D8D5E2ABFF600009195B2 /* SearchCollectionViewCell.swift in Sources */ = {isa = PBXBuildFile; fileRef = F80D8D5D2ABFF600009195B2 /* SearchCollectionViewCell.swift */; };
		F80D8D632AC0283F009195B2 /* CheckMoreViewController.swift in Sources */ = {isa = PBXBuildFile; fileRef = F80D8D622AC0283F009195B2 /* CheckMoreViewController.swift */; };
		F80D8D652AC02850009195B2 /* CheckMoreCollectionViewCell.swift in Sources */ = {isa = PBXBuildFile; fileRef = F80D8D642AC02850009195B2 /* CheckMoreCollectionViewCell.swift */; };
		F81E8C792AC95FAF002AED22 /* SignInViewController.swift in Sources */ = {isa = PBXBuildFile; fileRef = F81E8C782AC95FAF002AED22 /* SignInViewController.swift */; };
		F81E8CE72ACA6E76002AED22 /* KeychainItem.swift in Sources */ = {isa = PBXBuildFile; fileRef = F81E8CE62ACA6E76002AED22 /* KeychainItem.swift */; };
		F820B83C2ABC466300900DB4 /* UIColor+Extension.swift in Sources */ = {isa = PBXBuildFile; fileRef = F820B83B2ABC466300900DB4 /* UIColor+Extension.swift */; };
		F820B83E2ABC46B100900DB4 /* UIImage+Extension.swift in Sources */ = {isa = PBXBuildFile; fileRef = F820B83D2ABC46B100900DB4 /* UIImage+Extension.swift */; };
		F820B8422ABCA57400900DB4 /* CulturistTabBarController.swift in Sources */ = {isa = PBXBuildFile; fileRef = F820B8412ABCA57400900DB4 /* CulturistTabBarController.swift */; };
		F82A34EE2AB2AC4C004FF247 /* AppDelegate.swift in Sources */ = {isa = PBXBuildFile; fileRef = F82A34ED2AB2AC4C004FF247 /* AppDelegate.swift */; };
		F82A34F02AB2AC4C004FF247 /* SceneDelegate.swift in Sources */ = {isa = PBXBuildFile; fileRef = F82A34EF2AB2AC4C004FF247 /* SceneDelegate.swift */; };
		F82A34F52AB2AC4C004FF247 /* Main.storyboard in Resources */ = {isa = PBXBuildFile; fileRef = F82A34F32AB2AC4C004FF247 /* Main.storyboard */; };
		F82A34F72AB2AC4D004FF247 /* Assets.xcassets in Resources */ = {isa = PBXBuildFile; fileRef = F82A34F62AB2AC4D004FF247 /* Assets.xcassets */; };
		F82A34FA2AB2AC4D004FF247 /* LaunchScreen.storyboard in Resources */ = {isa = PBXBuildFile; fileRef = F82A34F82AB2AC4D004FF247 /* LaunchScreen.storyboard */; };
		F82A35062AB2B84C004FF247 /* ArtProductManager.swift in Sources */ = {isa = PBXBuildFile; fileRef = F82A35052AB2B84C004FF247 /* ArtProductManager.swift */; };
		F82A35082AB2B8B4004FF247 /* ArtDatum.swift in Sources */ = {isa = PBXBuildFile; fileRef = F82A35072AB2B8B4004FF247 /* ArtDatum.swift */; };
		F82A350B2AB2B8FD004FF247 /* BookShop.swift in Sources */ = {isa = PBXBuildFile; fileRef = F82A350A2AB2B8FD004FF247 /* BookShop.swift */; };
		F82A350D2AB2B916004FF247 /* CoffeeShop.swift in Sources */ = {isa = PBXBuildFile; fileRef = F82A350C2AB2B916004FF247 /* CoffeeShop.swift */; };
		F82A35102AB2D34B004FF247 /* ProductCollectionViewCell.swift in Sources */ = {isa = PBXBuildFile; fileRef = F82A350F2AB2D34B004FF247 /* ProductCollectionViewCell.swift */; };
		F82A35132AB2DDC5004FF247 /* .swiftlint.yml in Resources */ = {isa = PBXBuildFile; fileRef = F82A35122AB2DDC5004FF247 /* .swiftlint.yml */; };
		F83E4C252ABEC4E4000E2DAC /* HomeViewController.swift in Sources */ = {isa = PBXBuildFile; fileRef = F83E4C242ABEC4E4000E2DAC /* HomeViewController.swift */; };
		F83E4C272ABEC65B000E2DAC /* AnimationTableViewCell.swift in Sources */ = {isa = PBXBuildFile; fileRef = F83E4C262ABEC65B000E2DAC /* AnimationTableViewCell.swift */; };
		F83E4C292ABEC66A000E2DAC /* ProductTableViewCell.swift in Sources */ = {isa = PBXBuildFile; fileRef = F83E4C282ABEC66A000E2DAC /* ProductTableViewCell.swift */; };
		F83E4C2B2ABECB82000E2DAC /* AnimationCollectionViewCell.swift in Sources */ = {isa = PBXBuildFile; fileRef = F83E4C2A2ABECB82000E2DAC /* AnimationCollectionViewCell.swift */; };
		F851F73C2AB32FA80029C78E /* CoffeeShopManager.swift in Sources */ = {isa = PBXBuildFile; fileRef = F851F73B2AB32FA80029C78E /* CoffeeShopManager.swift */; };
		F851F73E2AB330870029C78E /* CoffeeShopMapViewController.swift in Sources */ = {isa = PBXBuildFile; fileRef = F851F73D2AB330870029C78E /* CoffeeShopMapViewController.swift */; };
		F851F7402AB35F5A0029C78E /* BookShopMapViewController.swift in Sources */ = {isa = PBXBuildFile; fileRef = F851F73F2AB35F5A0029C78E /* BookShopMapViewController.swift */; };
		F851F7432AB35F9A0029C78E /* BookShopManager.swift in Sources */ = {isa = PBXBuildFile; fileRef = F851F7422AB35F9A0029C78E /* BookShopManager.swift */; };
		F851F7452AB361C50029C78E /* BookShopViewController.swift in Sources */ = {isa = PBXBuildFile; fileRef = F851F7442AB361C50029C78E /* BookShopViewController.swift */; };
		F851F7472AB361DC0029C78E /* BookShopTableViewCell.swift in Sources */ = {isa = PBXBuildFile; fileRef = F851F7462AB361DC0029C78E /* BookShopTableViewCell.swift */; };
		F851F74A2AB41F690029C78E /* DetailViewController.swift in Sources */ = {isa = PBXBuildFile; fileRef = F851F7492AB41F690029C78E /* DetailViewController.swift */; };
		F851F74C2AB41F860029C78E /* DetailTableViewCell.swift in Sources */ = {isa = PBXBuildFile; fileRef = F851F74B2AB41F860029C78E /* DetailTableViewCell.swift */; };
		F851F7582AB6B4C70029C78E /* RecommendViewController.swift in Sources */ = {isa = PBXBuildFile; fileRef = F851F7572AB6B4C70029C78E /* RecommendViewController.swift */; };
		F851F75A2AB6B6650029C78E /* RecommendCollectionViewCell.swift in Sources */ = {isa = PBXBuildFile; fileRef = F851F7592AB6B6650029C78E /* RecommendCollectionViewCell.swift */; };
		F851F75C2AB6BBC90029C78E /* FirebaseManager.swift in Sources */ = {isa = PBXBuildFile; fileRef = F851F75B2AB6BBC90029C78E /* FirebaseManager.swift */; };
		F851F7662AB709250029C78E /* FirebaseData.swift in Sources */ = {isa = PBXBuildFile; fileRef = F851F7652AB709250029C78E /* FirebaseData.swift */; };
		F85E30382ACE4A4200622014 /* culturist_lcon_small.png in Resources */ = {isa = PBXBuildFile; fileRef = F85E30372ACE4A4100622014 /* culturist_lcon_small.png */; };
		F883BEB62AC552CB00437C1D /* GoogleService-Info.plist in Resources */ = {isa = PBXBuildFile; fileRef = F883BEB52AC552CB00437C1D /* GoogleService-Info.plist */; };
		F883BEB82AC5757700437C1D /* FirebaseActivityManager.swift in Sources */ = {isa = PBXBuildFile; fileRef = F883BEB72AC5757700437C1D /* FirebaseActivityManager.swift */; };
		F88EDD3A2ABACDCE0061AA18 /* NavigationViewController.swift in Sources */ = {isa = PBXBuildFile; fileRef = F88EDD392ABACDCE0061AA18 /* NavigationViewController.swift */; };
		F88EDD3E2ABB2A270061AA18 /* ProfileViewController-Ext.swift in Sources */ = {isa = PBXBuildFile; fileRef = F88EDD3D2ABB2A270061AA18 /* ProfileViewController-Ext.swift */; };
		F88EDD402ABC1C360061AA18 /* EventsTableViewCell.swift in Sources */ = {isa = PBXBuildFile; fileRef = F88EDD3F2ABC1C360061AA18 /* EventsTableViewCell.swift */; };
		F88EDD432ABC1DBA0061AA18 /* EventKit+Extension.swift in Sources */ = {isa = PBXBuildFile; fileRef = F88EDD422ABC1DBA0061AA18 /* EventKit+Extension.swift */; };
		F8A532EA2ACAC9AA00250389 /* SettingViewController.swift in Sources */ = {isa = PBXBuildFile; fileRef = F8A532E92ACAC9AA00250389 /* SettingViewController.swift */; };
		F8A532EE2ACAF9B000250389 /* Font.swift in Sources */ = {isa = PBXBuildFile; fileRef = F8A532ED2ACAF9B000250389 /* Font.swift */; };
		F8B816B42AB83BA40016F4BB /* ProfileViewController.swift in Sources */ = {isa = PBXBuildFile; fileRef = F8B816B32AB83BA40016F4BB /* ProfileViewController.swift */; };
		F8B816B62AB83C5B0016F4BB /* LikeViewController.swift in Sources */ = {isa = PBXBuildFile; fileRef = F8B816B52AB83C5B0016F4BB /* LikeViewController.swift */; };
		F8B816BA2AB871860016F4BB /* LikeCollectionViewCell.swift in Sources */ = {isa = PBXBuildFile; fileRef = F8B816B92AB871860016F4BB /* LikeCollectionViewCell.swift */; };
		F8B816F62AB99A250016F4BB /* NavigationViewControllerViewController+ARSCNViewDelegate.swift in Sources */ = {isa = PBXBuildFile; fileRef = F8B816F52AB99A250016F4BB /* NavigationViewControllerViewController+ARSCNViewDelegate.swift */; };
		F8D2460B2AB328E100521C5E /* CoffeeShopViewController.swift in Sources */ = {isa = PBXBuildFile; fileRef = F8D2460A2AB328E100521C5E /* CoffeeShopViewController.swift */; };
		F8D2460E2AB32E0100521C5E /* CoffeeShopTableViewCell.swift in Sources */ = {isa = PBXBuildFile; fileRef = F8D2460D2AB32E0100521C5E /* CoffeeShopTableViewCell.swift */; };
		F8FED9BA2AC47D8B00273B23 /* JsonNameEnum.swift in Sources */ = {isa = PBXBuildFile; fileRef = F8FED9B92AC47D8B00273B23 /* JsonNameEnum.swift */; };
/* End PBXBuildFile section */

/* Begin PBXFileReference section */
		02FE216777EF229DA999A7FE /* Pods-Culturist.debug.xcconfig */ = {isa = PBXFileReference; includeInIndex = 1; lastKnownFileType = text.xcconfig; name = "Pods-Culturist.debug.xcconfig"; path = "Target Support Files/Pods-Culturist/Pods-Culturist.debug.xcconfig"; sourceTree = "<group>"; };
		4AC179CAA68583C2FC0200B3 /* Pods_Culturist.framework */ = {isa = PBXFileReference; explicitFileType = wrapper.framework; includeInIndex = 0; path = Pods_Culturist.framework; sourceTree = BUILT_PRODUCTS_DIR; };
		CE761BC94AA21908482550CA /* Pods-Culturist.release.xcconfig */ = {isa = PBXFileReference; includeInIndex = 1; lastKnownFileType = text.xcconfig; name = "Pods-Culturist.release.xcconfig"; path = "Target Support Files/Pods-Culturist/Pods-Culturist.release.xcconfig"; sourceTree = "<group>"; };
		F80D8D5B2ABFF32A009195B2 /* SearchViewController.swift */ = {isa = PBXFileReference; lastKnownFileType = sourcecode.swift; path = SearchViewController.swift; sourceTree = "<group>"; };
		F80D8D5D2ABFF600009195B2 /* SearchCollectionViewCell.swift */ = {isa = PBXFileReference; lastKnownFileType = sourcecode.swift; path = SearchCollectionViewCell.swift; sourceTree = "<group>"; };
		F80D8D622AC0283F009195B2 /* CheckMoreViewController.swift */ = {isa = PBXFileReference; lastKnownFileType = sourcecode.swift; path = CheckMoreViewController.swift; sourceTree = "<group>"; };
		F80D8D642AC02850009195B2 /* CheckMoreCollectionViewCell.swift */ = {isa = PBXFileReference; lastKnownFileType = sourcecode.swift; path = CheckMoreCollectionViewCell.swift; sourceTree = "<group>"; };
		F81E8C782AC95FAF002AED22 /* SignInViewController.swift */ = {isa = PBXFileReference; lastKnownFileType = sourcecode.swift; path = SignInViewController.swift; sourceTree = "<group>"; };
		F81E8CE62ACA6E76002AED22 /* KeychainItem.swift */ = {isa = PBXFileReference; lastKnownFileType = sourcecode.swift; path = KeychainItem.swift; sourceTree = "<group>"; };
		F820B83B2ABC466300900DB4 /* UIColor+Extension.swift */ = {isa = PBXFileReference; lastKnownFileType = sourcecode.swift; path = "UIColor+Extension.swift"; sourceTree = "<group>"; };
		F820B83D2ABC46B100900DB4 /* UIImage+Extension.swift */ = {isa = PBXFileReference; lastKnownFileType = sourcecode.swift; path = "UIImage+Extension.swift"; sourceTree = "<group>"; };
		F820B8412ABCA57400900DB4 /* CulturistTabBarController.swift */ = {isa = PBXFileReference; lastKnownFileType = sourcecode.swift; path = CulturistTabBarController.swift; sourceTree = "<group>"; };
		F82A34EA2AB2AC4C004FF247 /* Culturist.app */ = {isa = PBXFileReference; explicitFileType = wrapper.application; includeInIndex = 0; path = Culturist.app; sourceTree = BUILT_PRODUCTS_DIR; };
		F82A34ED2AB2AC4C004FF247 /* AppDelegate.swift */ = {isa = PBXFileReference; lastKnownFileType = sourcecode.swift; path = AppDelegate.swift; sourceTree = "<group>"; };
		F82A34EF2AB2AC4C004FF247 /* SceneDelegate.swift */ = {isa = PBXFileReference; lastKnownFileType = sourcecode.swift; path = SceneDelegate.swift; sourceTree = "<group>"; };
		F82A34F42AB2AC4C004FF247 /* Base */ = {isa = PBXFileReference; lastKnownFileType = file.storyboard; name = Base; path = Base.lproj/Main.storyboard; sourceTree = "<group>"; };
		F82A34F62AB2AC4D004FF247 /* Assets.xcassets */ = {isa = PBXFileReference; lastKnownFileType = folder.assetcatalog; path = Assets.xcassets; sourceTree = "<group>"; };
		F82A34F92AB2AC4D004FF247 /* Base */ = {isa = PBXFileReference; lastKnownFileType = file.storyboard; name = Base; path = Base.lproj/LaunchScreen.storyboard; sourceTree = "<group>"; };
		F82A34FB2AB2AC4D004FF247 /* Info.plist */ = {isa = PBXFileReference; lastKnownFileType = text.plist.xml; path = Info.plist; sourceTree = "<group>"; };
		F82A35052AB2B84C004FF247 /* ArtProductManager.swift */ = {isa = PBXFileReference; lastKnownFileType = sourcecode.swift; path = ArtProductManager.swift; sourceTree = "<group>"; };
		F82A35072AB2B8B4004FF247 /* ArtDatum.swift */ = {isa = PBXFileReference; lastKnownFileType = sourcecode.swift; path = ArtDatum.swift; sourceTree = "<group>"; };
		F82A350A2AB2B8FD004FF247 /* BookShop.swift */ = {isa = PBXFileReference; lastKnownFileType = sourcecode.swift; path = BookShop.swift; sourceTree = "<group>"; };
		F82A350C2AB2B916004FF247 /* CoffeeShop.swift */ = {isa = PBXFileReference; lastKnownFileType = sourcecode.swift; path = CoffeeShop.swift; sourceTree = "<group>"; };
		F82A350F2AB2D34B004FF247 /* ProductCollectionViewCell.swift */ = {isa = PBXFileReference; lastKnownFileType = sourcecode.swift; path = ProductCollectionViewCell.swift; sourceTree = "<group>"; };
		F82A35122AB2DDC5004FF247 /* .swiftlint.yml */ = {isa = PBXFileReference; lastKnownFileType = text.yaml; path = .swiftlint.yml; sourceTree = "<group>"; };
		F83E4C242ABEC4E4000E2DAC /* HomeViewController.swift */ = {isa = PBXFileReference; lastKnownFileType = sourcecode.swift; path = HomeViewController.swift; sourceTree = "<group>"; };
		F83E4C262ABEC65B000E2DAC /* AnimationTableViewCell.swift */ = {isa = PBXFileReference; lastKnownFileType = sourcecode.swift; path = AnimationTableViewCell.swift; sourceTree = "<group>"; };
		F83E4C282ABEC66A000E2DAC /* ProductTableViewCell.swift */ = {isa = PBXFileReference; lastKnownFileType = sourcecode.swift; path = ProductTableViewCell.swift; sourceTree = "<group>"; };
		F83E4C2A2ABECB82000E2DAC /* AnimationCollectionViewCell.swift */ = {isa = PBXFileReference; lastKnownFileType = sourcecode.swift; path = AnimationCollectionViewCell.swift; sourceTree = "<group>"; };
		F851F73B2AB32FA80029C78E /* CoffeeShopManager.swift */ = {isa = PBXFileReference; lastKnownFileType = sourcecode.swift; path = CoffeeShopManager.swift; sourceTree = "<group>"; };
		F851F73D2AB330870029C78E /* CoffeeShopMapViewController.swift */ = {isa = PBXFileReference; lastKnownFileType = sourcecode.swift; path = CoffeeShopMapViewController.swift; sourceTree = "<group>"; };
		F851F73F2AB35F5A0029C78E /* BookShopMapViewController.swift */ = {isa = PBXFileReference; lastKnownFileType = sourcecode.swift; path = BookShopMapViewController.swift; sourceTree = "<group>"; };
		F851F7422AB35F9A0029C78E /* BookShopManager.swift */ = {isa = PBXFileReference; lastKnownFileType = sourcecode.swift; path = BookShopManager.swift; sourceTree = "<group>"; };
		F851F7442AB361C50029C78E /* BookShopViewController.swift */ = {isa = PBXFileReference; lastKnownFileType = sourcecode.swift; path = BookShopViewController.swift; sourceTree = "<group>"; };
		F851F7462AB361DC0029C78E /* BookShopTableViewCell.swift */ = {isa = PBXFileReference; lastKnownFileType = sourcecode.swift; path = BookShopTableViewCell.swift; sourceTree = "<group>"; };
		F851F7492AB41F690029C78E /* DetailViewController.swift */ = {isa = PBXFileReference; lastKnownFileType = sourcecode.swift; path = DetailViewController.swift; sourceTree = "<group>"; };
		F851F74B2AB41F860029C78E /* DetailTableViewCell.swift */ = {isa = PBXFileReference; lastKnownFileType = sourcecode.swift; path = DetailTableViewCell.swift; sourceTree = "<group>"; };
		F851F7572AB6B4C70029C78E /* RecommendViewController.swift */ = {isa = PBXFileReference; lastKnownFileType = sourcecode.swift; path = RecommendViewController.swift; sourceTree = "<group>"; };
		F851F7592AB6B6650029C78E /* RecommendCollectionViewCell.swift */ = {isa = PBXFileReference; lastKnownFileType = sourcecode.swift; path = RecommendCollectionViewCell.swift; sourceTree = "<group>"; };
		F851F75B2AB6BBC90029C78E /* FirebaseManager.swift */ = {isa = PBXFileReference; lastKnownFileType = sourcecode.swift; path = FirebaseManager.swift; sourceTree = "<group>"; };
		F851F7652AB709250029C78E /* FirebaseData.swift */ = {isa = PBXFileReference; lastKnownFileType = sourcecode.swift; path = FirebaseData.swift; sourceTree = "<group>"; };
		F85E30372ACE4A4100622014 /* culturist_lcon_small.png */ = {isa = PBXFileReference; lastKnownFileType = image.png; path = culturist_lcon_small.png; sourceTree = "<group>"; };
		F883BEB52AC552CB00437C1D /* GoogleService-Info.plist */ = {isa = PBXFileReference; fileEncoding = 4; lastKnownFileType = text.plist.xml; path = "GoogleService-Info.plist"; sourceTree = "<group>"; };
		F883BEB72AC5757700437C1D /* FirebaseActivityManager.swift */ = {isa = PBXFileReference; lastKnownFileType = sourcecode.swift; path = FirebaseActivityManager.swift; sourceTree = "<group>"; };
		F88EDD392ABACDCE0061AA18 /* NavigationViewController.swift */ = {isa = PBXFileReference; lastKnownFileType = sourcecode.swift; path = NavigationViewController.swift; sourceTree = "<group>"; };
		F88EDD3D2ABB2A270061AA18 /* ProfileViewController-Ext.swift */ = {isa = PBXFileReference; lastKnownFileType = sourcecode.swift; path = "ProfileViewController-Ext.swift"; sourceTree = "<group>"; };
		F88EDD3F2ABC1C360061AA18 /* EventsTableViewCell.swift */ = {isa = PBXFileReference; lastKnownFileType = sourcecode.swift; path = EventsTableViewCell.swift; sourceTree = "<group>"; };
		F88EDD422ABC1DBA0061AA18 /* EventKit+Extension.swift */ = {isa = PBXFileReference; lastKnownFileType = sourcecode.swift; path = "EventKit+Extension.swift"; sourceTree = "<group>"; };
		F8A532E82ACAADC900250389 /* CulturistDebug.entitlements */ = {isa = PBXFileReference; lastKnownFileType = text.plist.entitlements; path = CulturistDebug.entitlements; sourceTree = "<group>"; };
		F8A532E92ACAC9AA00250389 /* SettingViewController.swift */ = {isa = PBXFileReference; lastKnownFileType = sourcecode.swift; path = SettingViewController.swift; sourceTree = "<group>"; };
		F8A532ED2ACAF9B000250389 /* Font.swift */ = {isa = PBXFileReference; lastKnownFileType = sourcecode.swift; path = Font.swift; sourceTree = "<group>"; };
		F8B816B32AB83BA40016F4BB /* ProfileViewController.swift */ = {isa = PBXFileReference; lastKnownFileType = sourcecode.swift; path = ProfileViewController.swift; sourceTree = "<group>"; };
		F8B816B52AB83C5B0016F4BB /* LikeViewController.swift */ = {isa = PBXFileReference; lastKnownFileType = sourcecode.swift; path = LikeViewController.swift; sourceTree = "<group>"; };
		F8B816B92AB871860016F4BB /* LikeCollectionViewCell.swift */ = {isa = PBXFileReference; lastKnownFileType = sourcecode.swift; path = LikeCollectionViewCell.swift; sourceTree = "<group>"; };
		F8B816F52AB99A250016F4BB /* NavigationViewControllerViewController+ARSCNViewDelegate.swift */ = {isa = PBXFileReference; lastKnownFileType = sourcecode.swift; path = "NavigationViewControllerViewController+ARSCNViewDelegate.swift"; sourceTree = "<group>"; };
		F8BC6EB12AC32DFB0091DF4F /* CulturistRelease.entitlements */ = {isa = PBXFileReference; lastKnownFileType = text.plist.entitlements; path = CulturistRelease.entitlements; sourceTree = "<group>"; };
		F8D2460A2AB328E100521C5E /* CoffeeShopViewController.swift */ = {isa = PBXFileReference; lastKnownFileType = sourcecode.swift; path = CoffeeShopViewController.swift; sourceTree = "<group>"; };
		F8D2460D2AB32E0100521C5E /* CoffeeShopTableViewCell.swift */ = {isa = PBXFileReference; lastKnownFileType = sourcecode.swift; path = CoffeeShopTableViewCell.swift; sourceTree = "<group>"; };
		F8FED9B92AC47D8B00273B23 /* JsonNameEnum.swift */ = {isa = PBXFileReference; lastKnownFileType = sourcecode.swift; path = JsonNameEnum.swift; sourceTree = "<group>"; };
/* End PBXFileReference section */

/* Begin PBXFrameworksBuildPhase section */
		F82A34E72AB2AC4C004FF247 /* Frameworks */ = {
			isa = PBXFrameworksBuildPhase;
			buildActionMask = 2147483647;
			files = (
				6F386B239B8E910EA7212345 /* Pods_Culturist.framework in Frameworks */,
			);
			runOnlyForDeploymentPostprocessing = 0;
		};
/* End PBXFrameworksBuildPhase section */

/* Begin PBXGroup section */
		9A1E41190C6E6F7290373612 /* Pods */ = {
			isa = PBXGroup;
			children = (
				02FE216777EF229DA999A7FE /* Pods-Culturist.debug.xcconfig */,
				CE761BC94AA21908482550CA /* Pods-Culturist.release.xcconfig */,
			);
			path = Pods;
			sourceTree = "<group>";
		};
		B75ED660726A6ABC1A2A37FC /* Frameworks */ = {
			isa = PBXGroup;
			children = (
				4AC179CAA68583C2FC0200B3 /* Pods_Culturist.framework */,
			);
			name = Frameworks;
			sourceTree = "<group>";
		};
		F80D8D5A2ABFF304009195B2 /* SearchViewController */ = {
			isa = PBXGroup;
			children = (
				F80D8D5B2ABFF32A009195B2 /* SearchViewController.swift */,
				F80D8D5D2ABFF600009195B2 /* SearchCollectionViewCell.swift */,
			);
			path = SearchViewController;
			sourceTree = "<group>";
		};
		F80D8D612AC0281B009195B2 /* CheckMoreViewController */ = {
			isa = PBXGroup;
			children = (
				F80D8D622AC0283F009195B2 /* CheckMoreViewController.swift */,
				F80D8D642AC02850009195B2 /* CheckMoreCollectionViewCell.swift */,
			);
			path = CheckMoreViewController;
			sourceTree = "<group>";
		};
		F81E8C772AC95F8D002AED22 /* SignInViewController */ = {
			isa = PBXGroup;
			children = (
				F81E8C782AC95FAF002AED22 /* SignInViewController.swift */,
				F81E8CE62ACA6E76002AED22 /* KeychainItem.swift */,
			);
			path = SignInViewController;
			sourceTree = "<group>";
		};
		F82A34E12AB2AC4C004FF247 = {
			isa = PBXGroup;
			children = (
				F85E30372ACE4A4100622014 /* culturist_lcon_small.png */,
				F82A35122AB2DDC5004FF247 /* .swiftlint.yml */,
				F82A34EC2AB2AC4C004FF247 /* Culturist */,
				F82A34EB2AB2AC4C004FF247 /* Products */,
				9A1E41190C6E6F7290373612 /* Pods */,
				B75ED660726A6ABC1A2A37FC /* Frameworks */,
			);
			sourceTree = "<group>";
		};
		F82A34EB2AB2AC4C004FF247 /* Products */ = {
			isa = PBXGroup;
			children = (
				F82A34EA2AB2AC4C004FF247 /* Culturist.app */,
			);
			name = Products;
			sourceTree = "<group>";
		};
		F82A34EC2AB2AC4C004FF247 /* Culturist */ = {
			isa = PBXGroup;
			children = (
				F8A532E82ACAADC900250389 /* CulturistDebug.entitlements */,
				F8BC6EB12AC32DFB0091DF4F /* CulturistRelease.entitlements */,
				F82A34ED2AB2AC4C004FF247 /* AppDelegate.swift */,
				F82A34EF2AB2AC4C004FF247 /* SceneDelegate.swift */,
				F82A34F32AB2AC4C004FF247 /* Main.storyboard */,
				F88EDD412ABC1DA20061AA18 /* Extension */,
				F851F7512AB6136B0029C78E /* Managers */,
				F82A35092AB2B8BF004FF247 /* Models */,
				F820B8412ABCA57400900DB4 /* CulturistTabBarController.swift */,
				F82A350E2AB2D2DD004FF247 /* HomeViewController */,
				F80D8D5A2ABFF304009195B2 /* SearchViewController */,
				F80D8D612AC0281B009195B2 /* CheckMoreViewController */,
				F851F7542AB6B4680029C78E /* RecommendViewController */,
				F851F7482AB41F460029C78E /* DetailViewController */,
				F8D2460C2AB328EA00521C5E /* CoffeeShopViewController */,
				F851F7412AB35F5F0029C78E /* BookShopViewController */,
				F8447A232AB9CE0B00471552 /* NavigationViewController */,
				F8A14E7A2ACF0C4D009A9291 /* LikeViewController */,
				F8B816B22AB83B7D0016F4BB /* ProfileViewController */,
				F81E8C772AC95F8D002AED22 /* SignInViewController */,
				F82A34F62AB2AC4D004FF247 /* Assets.xcassets */,
				F82A34F82AB2AC4D004FF247 /* LaunchScreen.storyboard */,
				F883BEB52AC552CB00437C1D /* GoogleService-Info.plist */,
				F82A34FB2AB2AC4D004FF247 /* Info.plist */,
			);
			path = Culturist;
			sourceTree = "<group>";
		};
		F82A35092AB2B8BF004FF247 /* Models */ = {
			isa = PBXGroup;
			children = (
				F851F7652AB709250029C78E /* FirebaseData.swift */,
				F82A35072AB2B8B4004FF247 /* ArtDatum.swift */,
				F82A350A2AB2B8FD004FF247 /* BookShop.swift */,
				F82A350C2AB2B916004FF247 /* CoffeeShop.swift */,
			);
			path = Models;
			sourceTree = "<group>";
		};
		F82A350E2AB2D2DD004FF247 /* HomeViewController */ = {
			isa = PBXGroup;
			children = (
				F83E4C242ABEC4E4000E2DAC /* HomeViewController.swift */,
				F83E4C262ABEC65B000E2DAC /* AnimationTableViewCell.swift */,
				F83E4C2A2ABECB82000E2DAC /* AnimationCollectionViewCell.swift */,
				F83E4C282ABEC66A000E2DAC /* ProductTableViewCell.swift */,
				F82A350F2AB2D34B004FF247 /* ProductCollectionViewCell.swift */,
			);
			path = HomeViewController;
			sourceTree = "<group>";
		};
		F8447A232AB9CE0B00471552 /* NavigationViewController */ = {
			isa = PBXGroup;
			children = (
				F88EDD392ABACDCE0061AA18 /* NavigationViewController.swift */,
				F8B816F52AB99A250016F4BB /* NavigationViewControllerViewController+ARSCNViewDelegate.swift */,
			);
			path = NavigationViewController;
			sourceTree = "<group>";
		};
		F851F7412AB35F5F0029C78E /* BookShopViewController */ = {
			isa = PBXGroup;
			children = (
				F851F73F2AB35F5A0029C78E /* BookShopMapViewController.swift */,
				F851F7442AB361C50029C78E /* BookShopViewController.swift */,
				F851F7462AB361DC0029C78E /* BookShopTableViewCell.swift */,
			);
			path = BookShopViewController;
			sourceTree = "<group>";
		};
		F851F7482AB41F460029C78E /* DetailViewController */ = {
			isa = PBXGroup;
			children = (
				F851F7492AB41F690029C78E /* DetailViewController.swift */,
				F851F74B2AB41F860029C78E /* DetailTableViewCell.swift */,
			);
			path = DetailViewController;
			sourceTree = "<group>";
		};
		F851F7512AB6136B0029C78E /* Managers */ = {
			isa = PBXGroup;
			children = (
				F851F75B2AB6BBC90029C78E /* FirebaseManager.swift */,
				F883BEB72AC5757700437C1D /* FirebaseActivityManager.swift */,
				F82A35052AB2B84C004FF247 /* ArtProductManager.swift */,
				F851F7422AB35F9A0029C78E /* BookShopManager.swift */,
				F851F73B2AB32FA80029C78E /* CoffeeShopManager.swift */,
			);
			path = Managers;
			sourceTree = "<group>";
		};
		F851F7542AB6B4680029C78E /* RecommendViewController */ = {
			isa = PBXGroup;
			children = (
				F851F7572AB6B4C70029C78E /* RecommendViewController.swift */,
				F851F7592AB6B6650029C78E /* RecommendCollectionViewCell.swift */,
			);
			path = RecommendViewController;
			sourceTree = "<group>";
		};
		F88EDD412ABC1DA20061AA18 /* Extension */ = {
			isa = PBXGroup;
			children = (
				F8FED9B92AC47D8B00273B23 /* JsonNameEnum.swift */,
				F88EDD422ABC1DBA0061AA18 /* EventKit+Extension.swift */,
				F820B83B2ABC466300900DB4 /* UIColor+Extension.swift */,
				F8A532ED2ACAF9B000250389 /* Font.swift */,
				F820B83D2ABC46B100900DB4 /* UIImage+Extension.swift */,
			);
			path = Extension;
			sourceTree = "<group>";
		};
		F8A14E7A2ACF0C4D009A9291 /* LikeViewController */ = {
			isa = PBXGroup;
			children = (
				F8B816B52AB83C5B0016F4BB /* LikeViewController.swift */,
				F8B816B92AB871860016F4BB /* LikeCollectionViewCell.swift */,
			);
			path = LikeViewController;
			sourceTree = "<group>";
		};
		F8B816B22AB83B7D0016F4BB /* ProfileViewController */ = {
			isa = PBXGroup;
			children = (
				F8B816B32AB83BA40016F4BB /* ProfileViewController.swift */,
				F88EDD3D2ABB2A270061AA18 /* ProfileViewController-Ext.swift */,
				F88EDD3F2ABC1C360061AA18 /* EventsTableViewCell.swift */,
				F8A532E92ACAC9AA00250389 /* SettingViewController.swift */,
			);
			path = ProfileViewController;
			sourceTree = "<group>";
		};
		F8D2460C2AB328EA00521C5E /* CoffeeShopViewController */ = {
			isa = PBXGroup;
			children = (
				F851F73D2AB330870029C78E /* CoffeeShopMapViewController.swift */,
				F8D2460A2AB328E100521C5E /* CoffeeShopViewController.swift */,
				F8D2460D2AB32E0100521C5E /* CoffeeShopTableViewCell.swift */,
			);
			path = CoffeeShopViewController;
			sourceTree = "<group>";
		};
/* End PBXGroup section */

/* Begin PBXNativeTarget section */
		F82A34E92AB2AC4C004FF247 /* Culturist */ = {
			isa = PBXNativeTarget;
			buildConfigurationList = F82A34FE2AB2AC4D004FF247 /* Build configuration list for PBXNativeTarget "Culturist" */;
			buildPhases = (
				69F6C808AD4C47990917ADA6 /* [CP] Check Pods Manifest.lock */,
				F82A34E62AB2AC4C004FF247 /* Sources */,
				F82A34E72AB2AC4C004FF247 /* Frameworks */,
				F82A34E82AB2AC4C004FF247 /* Resources */,
				FEF45D8F4A7B5B31CA45A7DC /* [CP] Embed Pods Frameworks */,
				F82A35112AB2DB77004FF247 /* Run Script SwiftLint */,
			);
			buildRules = (
			);
			dependencies = (
			);
			name = Culturist;
			productName = Culturist;
			productReference = F82A34EA2AB2AC4C004FF247 /* Culturist.app */;
			productType = "com.apple.product-type.application";
		};
/* End PBXNativeTarget section */

/* Begin PBXProject section */
		F82A34E22AB2AC4C004FF247 /* Project object */ = {
			isa = PBXProject;
			attributes = {
				BuildIndependentTargetsInParallel = 1;
				LastSwiftUpdateCheck = 1430;
				LastUpgradeCheck = 1430;
				TargetAttributes = {
					F82A34E92AB2AC4C004FF247 = {
						CreatedOnToolsVersion = 14.3.1;
					};
				};
			};
			buildConfigurationList = F82A34E52AB2AC4C004FF247 /* Build configuration list for PBXProject "Culturist" */;
			compatibilityVersion = "Xcode 14.0";
			developmentRegion = en;
			hasScannedForEncodings = 0;
			knownRegions = (
				en,
				Base,
			);
			mainGroup = F82A34E12AB2AC4C004FF247;
			productRefGroup = F82A34EB2AB2AC4C004FF247 /* Products */;
			projectDirPath = "";
			projectRoot = "";
			targets = (
				F82A34E92AB2AC4C004FF247 /* Culturist */,
			);
		};
/* End PBXProject section */

/* Begin PBXResourcesBuildPhase section */
		F82A34E82AB2AC4C004FF247 /* Resources */ = {
			isa = PBXResourcesBuildPhase;
			buildActionMask = 2147483647;
			files = (
				F82A35132AB2DDC5004FF247 /* .swiftlint.yml in Resources */,
				F85E30382ACE4A4200622014 /* culturist_lcon_small.png in Resources */,
				F82A34FA2AB2AC4D004FF247 /* LaunchScreen.storyboard in Resources */,
				F883BEB62AC552CB00437C1D /* GoogleService-Info.plist in Resources */,
				F82A34F72AB2AC4D004FF247 /* Assets.xcassets in Resources */,
				F82A34F52AB2AC4C004FF247 /* Main.storyboard in Resources */,
			);
			runOnlyForDeploymentPostprocessing = 0;
		};
/* End PBXResourcesBuildPhase section */

/* Begin PBXShellScriptBuildPhase section */
		69F6C808AD4C47990917ADA6 /* [CP] Check Pods Manifest.lock */ = {
			isa = PBXShellScriptBuildPhase;
			buildActionMask = 2147483647;
			files = (
			);
			inputFileListPaths = (
			);
			inputPaths = (
				"${PODS_PODFILE_DIR_PATH}/Podfile.lock",
				"${PODS_ROOT}/Manifest.lock",
			);
			name = "[CP] Check Pods Manifest.lock";
			outputFileListPaths = (
			);
			outputPaths = (
				"$(DERIVED_FILE_DIR)/Pods-Culturist-checkManifestLockResult.txt",
			);
			runOnlyForDeploymentPostprocessing = 0;
			shellPath = /bin/sh;
			shellScript = "diff \"${PODS_PODFILE_DIR_PATH}/Podfile.lock\" \"${PODS_ROOT}/Manifest.lock\" > /dev/null\nif [ $? != 0 ] ; then\n    # print error to STDERR\n    echo \"error: The sandbox is not in sync with the Podfile.lock. Run 'pod install' or update your CocoaPods installation.\" >&2\n    exit 1\nfi\n# This output is used by Xcode 'outputs' to avoid re-running this script phase.\necho \"SUCCESS\" > \"${SCRIPT_OUTPUT_FILE_0}\"\n";
			showEnvVarsInLog = 0;
		};
		F82A35112AB2DB77004FF247 /* Run Script SwiftLint */ = {
			isa = PBXShellScriptBuildPhase;
			buildActionMask = 2147483647;
			files = (
			);
			inputFileListPaths = (
			);
			inputPaths = (
			);
			name = "Run Script SwiftLint";
			outputFileListPaths = (
			);
			outputPaths = (
			);
			runOnlyForDeploymentPostprocessing = 0;
			shellPath = /bin/sh;
			shellScript = "# Type a script or drag a script file from your workspace to insert its path.\n\"${PODS_ROOT}/SwiftLint/swiftlint\"\n";
		};
		FEF45D8F4A7B5B31CA45A7DC /* [CP] Embed Pods Frameworks */ = {
			isa = PBXShellScriptBuildPhase;
			buildActionMask = 2147483647;
			files = (
			);
			inputFileListPaths = (
				"${PODS_ROOT}/Target Support Files/Pods-Culturist/Pods-Culturist-frameworks-${CONFIGURATION}-input-files.xcfilelist",
			);
			name = "[CP] Embed Pods Frameworks";
			outputFileListPaths = (
				"${PODS_ROOT}/Target Support Files/Pods-Culturist/Pods-Culturist-frameworks-${CONFIGURATION}-output-files.xcfilelist",
			);
			runOnlyForDeploymentPostprocessing = 0;
			shellPath = /bin/sh;
			shellScript = "\"${PODS_ROOT}/Target Support Files/Pods-Culturist/Pods-Culturist-frameworks.sh\"\n";
			showEnvVarsInLog = 0;
		};
/* End PBXShellScriptBuildPhase section */

/* Begin PBXSourcesBuildPhase section */
		F82A34E62AB2AC4C004FF247 /* Sources */ = {
			isa = PBXSourcesBuildPhase;
			buildActionMask = 2147483647;
			files = (
				F851F74C2AB41F860029C78E /* DetailTableViewCell.swift in Sources */,
				F8D2460B2AB328E100521C5E /* CoffeeShopViewController.swift in Sources */,
				F851F74A2AB41F690029C78E /* DetailViewController.swift in Sources */,
				F83E4C252ABEC4E4000E2DAC /* HomeViewController.swift in Sources */,
				F80D8D652AC02850009195B2 /* CheckMoreCollectionViewCell.swift in Sources */,
				F8A532EA2ACAC9AA00250389 /* SettingViewController.swift in Sources */,
				F80D8D5C2ABFF32A009195B2 /* SearchViewController.swift in Sources */,
				F851F73E2AB330870029C78E /* CoffeeShopMapViewController.swift in Sources */,
				F851F75C2AB6BBC90029C78E /* FirebaseManager.swift in Sources */,
				F851F7452AB361C50029C78E /* BookShopViewController.swift in Sources */,
				F820B8422ABCA57400900DB4 /* CulturistTabBarController.swift in Sources */,
				F8B816B42AB83BA40016F4BB /* ProfileViewController.swift in Sources */,
				F8FED9BA2AC47D8B00273B23 /* JsonNameEnum.swift in Sources */,
				F83E4C272ABEC65B000E2DAC /* AnimationTableViewCell.swift in Sources */,
				F851F7662AB709250029C78E /* FirebaseData.swift in Sources */,
				F820B83C2ABC466300900DB4 /* UIColor+Extension.swift in Sources */,
				F851F75A2AB6B6650029C78E /* RecommendCollectionViewCell.swift in Sources */,
				F81E8CE72ACA6E76002AED22 /* KeychainItem.swift in Sources */,
				F83E4C2B2ABECB82000E2DAC /* AnimationCollectionViewCell.swift in Sources */,
				F88EDD432ABC1DBA0061AA18 /* EventKit+Extension.swift in Sources */,
				F851F7432AB35F9A0029C78E /* BookShopManager.swift in Sources */,
				F88EDD3A2ABACDCE0061AA18 /* NavigationViewController.swift in Sources */,
				F88EDD3E2ABB2A270061AA18 /* ProfileViewController-Ext.swift in Sources */,
				F82A35062AB2B84C004FF247 /* ArtProductManager.swift in Sources */,
				F80D8D632AC0283F009195B2 /* CheckMoreViewController.swift in Sources */,
				F81E8C792AC95FAF002AED22 /* SignInViewController.swift in Sources */,
				F8A532EE2ACAF9B000250389 /* Font.swift in Sources */,
				F8D2460E2AB32E0100521C5E /* CoffeeShopTableViewCell.swift in Sources */,
				F851F7582AB6B4C70029C78E /* RecommendViewController.swift in Sources */,
				F8B816B62AB83C5B0016F4BB /* LikeViewController.swift in Sources */,
				F851F73C2AB32FA80029C78E /* CoffeeShopManager.swift in Sources */,
				F883BEB82AC5757700437C1D /* FirebaseActivityManager.swift in Sources */,
				F88EDD402ABC1C360061AA18 /* EventsTableViewCell.swift in Sources */,
				F851F7402AB35F5A0029C78E /* BookShopMapViewController.swift in Sources */,
				F82A34EE2AB2AC4C004FF247 /* AppDelegate.swift in Sources */,
				F82A350D2AB2B916004FF247 /* CoffeeShop.swift in Sources */,
				F82A35082AB2B8B4004FF247 /* ArtDatum.swift in Sources */,
				F8B816BA2AB871860016F4BB /* LikeCollectionViewCell.swift in Sources */,
				F83E4C292ABEC66A000E2DAC /* ProductTableViewCell.swift in Sources */,
				F8B816F62AB99A250016F4BB /* NavigationViewControllerViewController+ARSCNViewDelegate.swift in Sources */,
				F820B83E2ABC46B100900DB4 /* UIImage+Extension.swift in Sources */,
				F82A350B2AB2B8FD004FF247 /* BookShop.swift in Sources */,
				F80D8D5E2ABFF600009195B2 /* SearchCollectionViewCell.swift in Sources */,
				F82A34F02AB2AC4C004FF247 /* SceneDelegate.swift in Sources */,
				F851F7472AB361DC0029C78E /* BookShopTableViewCell.swift in Sources */,
				F82A35102AB2D34B004FF247 /* ProductCollectionViewCell.swift in Sources */,
			);
			runOnlyForDeploymentPostprocessing = 0;
		};
/* End PBXSourcesBuildPhase section */

/* Begin PBXVariantGroup section */
		F82A34F32AB2AC4C004FF247 /* Main.storyboard */ = {
			isa = PBXVariantGroup;
			children = (
				F82A34F42AB2AC4C004FF247 /* Base */,
			);
			name = Main.storyboard;
			sourceTree = "<group>";
		};
		F82A34F82AB2AC4D004FF247 /* LaunchScreen.storyboard */ = {
			isa = PBXVariantGroup;
			children = (
				F82A34F92AB2AC4D004FF247 /* Base */,
			);
			name = LaunchScreen.storyboard;
			sourceTree = "<group>";
		};
/* End PBXVariantGroup section */

/* Begin XCBuildConfiguration section */
		F82A34FC2AB2AC4D004FF247 /* Debug */ = {
			isa = XCBuildConfiguration;
			buildSettings = {
				ALWAYS_SEARCH_USER_PATHS = NO;
				CLANG_ANALYZER_NONNULL = YES;
				CLANG_ANALYZER_NUMBER_OBJECT_CONVERSION = YES_AGGRESSIVE;
				CLANG_CXX_LANGUAGE_STANDARD = "gnu++20";
				CLANG_ENABLE_MODULES = YES;
				CLANG_ENABLE_OBJC_ARC = YES;
				CLANG_ENABLE_OBJC_WEAK = YES;
				CLANG_WARN_BLOCK_CAPTURE_AUTORELEASING = YES;
				CLANG_WARN_BOOL_CONVERSION = YES;
				CLANG_WARN_COMMA = YES;
				CLANG_WARN_CONSTANT_CONVERSION = YES;
				CLANG_WARN_DEPRECATED_OBJC_IMPLEMENTATIONS = YES;
				CLANG_WARN_DIRECT_OBJC_ISA_USAGE = YES_ERROR;
				CLANG_WARN_DOCUMENTATION_COMMENTS = YES;
				CLANG_WARN_EMPTY_BODY = YES;
				CLANG_WARN_ENUM_CONVERSION = YES;
				CLANG_WARN_INFINITE_RECURSION = YES;
				CLANG_WARN_INT_CONVERSION = YES;
				CLANG_WARN_NON_LITERAL_NULL_CONVERSION = YES;
				CLANG_WARN_OBJC_IMPLICIT_RETAIN_SELF = YES;
				CLANG_WARN_OBJC_LITERAL_CONVERSION = YES;
				CLANG_WARN_OBJC_ROOT_CLASS = YES_ERROR;
				CLANG_WARN_QUOTED_INCLUDE_IN_FRAMEWORK_HEADER = YES;
				CLANG_WARN_RANGE_LOOP_ANALYSIS = YES;
				CLANG_WARN_STRICT_PROTOTYPES = YES;
				CLANG_WARN_SUSPICIOUS_MOVE = YES;
				CLANG_WARN_UNGUARDED_AVAILABILITY = YES_AGGRESSIVE;
				CLANG_WARN_UNREACHABLE_CODE = YES;
				CLANG_WARN__DUPLICATE_METHOD_MATCH = YES;
				COPY_PHASE_STRIP = NO;
				DEBUG_INFORMATION_FORMAT = dwarf;
				ENABLE_STRICT_OBJC_MSGSEND = YES;
				ENABLE_TESTABILITY = YES;
				GCC_C_LANGUAGE_STANDARD = gnu11;
				GCC_DYNAMIC_NO_PIC = NO;
				GCC_NO_COMMON_BLOCKS = YES;
				GCC_OPTIMIZATION_LEVEL = 0;
				GCC_PREPROCESSOR_DEFINITIONS = (
					"DEBUG=1",
					"$(inherited)",
				);
				GCC_WARN_64_TO_32_BIT_CONVERSION = YES;
				GCC_WARN_ABOUT_RETURN_TYPE = YES_ERROR;
				GCC_WARN_UNDECLARED_SELECTOR = YES;
				GCC_WARN_UNINITIALIZED_AUTOS = YES_AGGRESSIVE;
				GCC_WARN_UNUSED_FUNCTION = YES;
				GCC_WARN_UNUSED_VARIABLE = YES;
				IPHONEOS_DEPLOYMENT_TARGET = 15.0;
				MTL_ENABLE_DEBUG_INFO = INCLUDE_SOURCE;
				MTL_FAST_MATH = YES;
				ONLY_ACTIVE_ARCH = YES;
				SDKROOT = iphoneos;
				SWIFT_ACTIVE_COMPILATION_CONDITIONS = DEBUG;
				SWIFT_OPTIMIZATION_LEVEL = "-Onone";
			};
			name = Debug;
		};
		F82A34FD2AB2AC4D004FF247 /* Release */ = {
			isa = XCBuildConfiguration;
			buildSettings = {
				ALWAYS_SEARCH_USER_PATHS = NO;
				CLANG_ANALYZER_NONNULL = YES;
				CLANG_ANALYZER_NUMBER_OBJECT_CONVERSION = YES_AGGRESSIVE;
				CLANG_CXX_LANGUAGE_STANDARD = "gnu++20";
				CLANG_ENABLE_MODULES = YES;
				CLANG_ENABLE_OBJC_ARC = YES;
				CLANG_ENABLE_OBJC_WEAK = YES;
				CLANG_WARN_BLOCK_CAPTURE_AUTORELEASING = YES;
				CLANG_WARN_BOOL_CONVERSION = YES;
				CLANG_WARN_COMMA = YES;
				CLANG_WARN_CONSTANT_CONVERSION = YES;
				CLANG_WARN_DEPRECATED_OBJC_IMPLEMENTATIONS = YES;
				CLANG_WARN_DIRECT_OBJC_ISA_USAGE = YES_ERROR;
				CLANG_WARN_DOCUMENTATION_COMMENTS = YES;
				CLANG_WARN_EMPTY_BODY = YES;
				CLANG_WARN_ENUM_CONVERSION = YES;
				CLANG_WARN_INFINITE_RECURSION = YES;
				CLANG_WARN_INT_CONVERSION = YES;
				CLANG_WARN_NON_LITERAL_NULL_CONVERSION = YES;
				CLANG_WARN_OBJC_IMPLICIT_RETAIN_SELF = YES;
				CLANG_WARN_OBJC_LITERAL_CONVERSION = YES;
				CLANG_WARN_OBJC_ROOT_CLASS = YES_ERROR;
				CLANG_WARN_QUOTED_INCLUDE_IN_FRAMEWORK_HEADER = YES;
				CLANG_WARN_RANGE_LOOP_ANALYSIS = YES;
				CLANG_WARN_STRICT_PROTOTYPES = YES;
				CLANG_WARN_SUSPICIOUS_MOVE = YES;
				CLANG_WARN_UNGUARDED_AVAILABILITY = YES_AGGRESSIVE;
				CLANG_WARN_UNREACHABLE_CODE = YES;
				CLANG_WARN__DUPLICATE_METHOD_MATCH = YES;
				COPY_PHASE_STRIP = NO;
				DEBUG_INFORMATION_FORMAT = "dwarf-with-dsym";
				ENABLE_NS_ASSERTIONS = NO;
				ENABLE_STRICT_OBJC_MSGSEND = YES;
				GCC_C_LANGUAGE_STANDARD = gnu11;
				GCC_NO_COMMON_BLOCKS = YES;
				GCC_WARN_64_TO_32_BIT_CONVERSION = YES;
				GCC_WARN_ABOUT_RETURN_TYPE = YES_ERROR;
				GCC_WARN_UNDECLARED_SELECTOR = YES;
				GCC_WARN_UNINITIALIZED_AUTOS = YES_AGGRESSIVE;
				GCC_WARN_UNUSED_FUNCTION = YES;
				GCC_WARN_UNUSED_VARIABLE = YES;
				IPHONEOS_DEPLOYMENT_TARGET = 15.0;
				MTL_ENABLE_DEBUG_INFO = NO;
				MTL_FAST_MATH = YES;
				SDKROOT = iphoneos;
				SWIFT_COMPILATION_MODE = wholemodule;
				SWIFT_OPTIMIZATION_LEVEL = "-O";
				VALIDATE_PRODUCT = YES;
			};
			name = Release;
		};
		F82A34FF2AB2AC4D004FF247 /* Debug */ = {
			isa = XCBuildConfiguration;
			baseConfigurationReference = 02FE216777EF229DA999A7FE /* Pods-Culturist.debug.xcconfig */;
			buildSettings = {
				ASSETCATALOG_COMPILER_APPICON_NAME = AppIcon;
				ASSETCATALOG_COMPILER_GLOBAL_ACCENT_COLOR_NAME = AccentColor;
				CODE_SIGN_ENTITLEMENTS = Culturist/CulturistDebug.entitlements;
				CODE_SIGN_STYLE = Automatic;
				CURRENT_PROJECT_VERSION = 4;
				DEBUG_INFORMATION_FORMAT = "dwarf-with-dsym";
				DEVELOPMENT_TEAM = VLTRC7L6R5;
				GENERATE_INFOPLIST_FILE = YES;
				INFOPLIST_FILE = Culturist/Info.plist;
				INFOPLIST_KEY_NSCalendarsUsageDescription = "Please allow access to notify you about upcoming exhibitions";
				INFOPLIST_KEY_NSCameraUsageDescription = "This application will use the camera for Augmented Reality in coffee shops and bookstores navigation";
				INFOPLIST_KEY_NSContactsUsageDescription = "Please allow access to notify you about upcoming exhibitions";
				INFOPLIST_KEY_NSLocationAlwaysAndWhenInUseUsageDescription = "We need access to your location for providing location-based services";
				INFOPLIST_KEY_NSLocationAlwaysUsageDescription = "We need access to your location for providing location-based services";
				INFOPLIST_KEY_NSLocationWhenInUseUsageDescription = "We need access to your location for providing location-based services";
				INFOPLIST_KEY_NSPhotoLibraryAddUsageDescription = "Please allow access to add and change profile photos";
				INFOPLIST_KEY_NSRemindersUsageDescription = "Please allow access to notify you about upcoming exhibitions";
				INFOPLIST_KEY_UIApplicationSupportsIndirectInputEvents = YES;
				INFOPLIST_KEY_UILaunchStoryboardName = LaunchScreen;
				INFOPLIST_KEY_UIMainStoryboardFile = Main;
				INFOPLIST_KEY_UISupportedInterfaceOrientations = UIInterfaceOrientationPortrait;
				INFOPLIST_KEY_UISupportedInterfaceOrientations_iPad = "UIInterfaceOrientationPortrait UIInterfaceOrientationPortraitUpsideDown";
				INFOPLIST_KEY_UIUserInterfaceStyle = Light;
				LD_RUNPATH_SEARCH_PATHS = (
					"$(inherited)",
					"@executable_path/Frameworks",
				);
				MARKETING_VERSION = 1.0;
				PRODUCT_BUNDLE_IDENTIFIER = peiyun.Culturist;
				PRODUCT_NAME = "$(TARGET_NAME)";
				SUPPORTED_PLATFORMS = "iphoneos iphonesimulator";
				SUPPORTS_MACCATALYST = NO;
				SUPPORTS_MAC_DESIGNED_FOR_IPHONE_IPAD = YES;
				SWIFT_EMIT_LOC_STRINGS = YES;
				SWIFT_VERSION = 5.0;
				TARGETED_DEVICE_FAMILY = 1;
			};
			name = Debug;
		};
		F82A35002AB2AC4D004FF247 /* Release */ = {
			isa = XCBuildConfiguration;
			baseConfigurationReference = CE761BC94AA21908482550CA /* Pods-Culturist.release.xcconfig */;
			buildSettings = {
				ASSETCATALOG_COMPILER_APPICON_NAME = AppIcon;
				ASSETCATALOG_COMPILER_GLOBAL_ACCENT_COLOR_NAME = AccentColor;
				CODE_SIGN_ENTITLEMENTS = Culturist/CulturistRelease.entitlements;
				CODE_SIGN_IDENTITY = "Apple Development";
				"CODE_SIGN_IDENTITY[sdk=iphoneos*]" = "iPhone Developer";
				CODE_SIGN_STYLE = Manual;
				CURRENT_PROJECT_VERSION = 4;
				DEVELOPMENT_TEAM = "";
				"DEVELOPMENT_TEAM[sdk=iphoneos*]" = VLTRC7L6R5;
				GENERATE_INFOPLIST_FILE = YES;
				INFOPLIST_FILE = Culturist/Info.plist;
				INFOPLIST_KEY_NSCalendarsUsageDescription = "Please allow access to notify you about upcoming exhibitions";
				INFOPLIST_KEY_NSCameraUsageDescription = "This application will use the camera for Augmented Reality in coffee shops and bookstores navigation";
				INFOPLIST_KEY_NSContactsUsageDescription = "Please allow access to notify you about upcoming exhibitions";
				INFOPLIST_KEY_NSLocationAlwaysAndWhenInUseUsageDescription = "We need access to your location for providing location-based services";
				INFOPLIST_KEY_NSLocationAlwaysUsageDescription = "We need access to your location for providing location-based services";
				INFOPLIST_KEY_NSLocationWhenInUseUsageDescription = "We need access to your location for providing location-based services";
				INFOPLIST_KEY_NSPhotoLibraryAddUsageDescription = "Please allow access to add and change profile photos";
				INFOPLIST_KEY_NSRemindersUsageDescription = "Please allow access to notify you about upcoming exhibitions";
				INFOPLIST_KEY_UIApplicationSupportsIndirectInputEvents = YES;
				INFOPLIST_KEY_UILaunchStoryboardName = LaunchScreen;
				INFOPLIST_KEY_UIMainStoryboardFile = Main;
				INFOPLIST_KEY_UISupportedInterfaceOrientations = UIInterfaceOrientationPortrait;
				INFOPLIST_KEY_UISupportedInterfaceOrientations_iPad = "UIInterfaceOrientationPortrait UIInterfaceOrientationPortraitUpsideDown";
				INFOPLIST_KEY_UIUserInterfaceStyle = Light;
				LD_RUNPATH_SEARCH_PATHS = (
					"$(inherited)",
					"@executable_path/Frameworks",
				);
				MARKETING_VERSION = 1.0;
				PRODUCT_BUNDLE_IDENTIFIER = peiyun.Culturist;
				PRODUCT_NAME = "$(TARGET_NAME)";
				PROVISIONING_PROFILE_SPECIFIER = "";
				"PROVISIONING_PROFILE_SPECIFIER[sdk=iphoneos*]" = Culturist;
				SUPPORTED_PLATFORMS = "iphoneos iphonesimulator";
				SUPPORTS_MACCATALYST = NO;
				SUPPORTS_MAC_DESIGNED_FOR_IPHONE_IPAD = YES;
				SWIFT_EMIT_LOC_STRINGS = YES;
				SWIFT_VERSION = 5.0;
				TARGETED_DEVICE_FAMILY = 1;
			};
			name = Release;
		};
/* End XCBuildConfiguration section */

/* Begin XCConfigurationList section */
		F82A34E52AB2AC4C004FF247 /* Build configuration list for PBXProject "Culturist" */ = {
			isa = XCConfigurationList;
			buildConfigurations = (
				F82A34FC2AB2AC4D004FF247 /* Debug */,
				F82A34FD2AB2AC4D004FF247 /* Release */,
			);
			defaultConfigurationIsVisible = 0;
			defaultConfigurationName = Release;
		};
		F82A34FE2AB2AC4D004FF247 /* Build configuration list for PBXNativeTarget "Culturist" */ = {
			isa = XCConfigurationList;
			buildConfigurations = (
				F82A34FF2AB2AC4D004FF247 /* Debug */,
				F82A35002AB2AC4D004FF247 /* Release */,
			);
			defaultConfigurationIsVisible = 0;
			defaultConfigurationName = Release;
		};
/* End XCConfigurationList section */
	};
	rootObject = F82A34E22AB2AC4C004FF247 /* Project object */;
}
