// !$*UTF8*$!
{
	archiveVersion = 1;
	classes = {
	};
	objectVersion = 56;
	objects = {

/* Begin PBXBuildFile section */
		6F386B239B8E910EA7212345 /* Pods_Culturist.framework in Frameworks */ = {isa = PBXBuildFile; fileRef = 4AC179CAA68583C2FC0200B3 /* Pods_Culturist.framework */; };
		F82A34EE2AB2AC4C004FF247 /* AppDelegate.swift in Sources */ = {isa = PBXBuildFile; fileRef = F82A34ED2AB2AC4C004FF247 /* AppDelegate.swift */; };
		F82A34F02AB2AC4C004FF247 /* SceneDelegate.swift in Sources */ = {isa = PBXBuildFile; fileRef = F82A34EF2AB2AC4C004FF247 /* SceneDelegate.swift */; };
		F82A34F22AB2AC4C004FF247 /* HomeViewController.swift in Sources */ = {isa = PBXBuildFile; fileRef = F82A34F12AB2AC4C004FF247 /* HomeViewController.swift */; };
		F82A34F52AB2AC4C004FF247 /* Main.storyboard in Resources */ = {isa = PBXBuildFile; fileRef = F82A34F32AB2AC4C004FF247 /* Main.storyboard */; };
		F82A34F72AB2AC4D004FF247 /* Assets.xcassets in Resources */ = {isa = PBXBuildFile; fileRef = F82A34F62AB2AC4D004FF247 /* Assets.xcassets */; };
		F82A34FA2AB2AC4D004FF247 /* LaunchScreen.storyboard in Resources */ = {isa = PBXBuildFile; fileRef = F82A34F82AB2AC4D004FF247 /* LaunchScreen.storyboard */; };
		F82A35042AB2B672004FF247 /* GoogleService-Info.plist in Resources */ = {isa = PBXBuildFile; fileRef = F82A35032AB2B672004FF247 /* GoogleService-Info.plist */; };
		F82A35062AB2B84C004FF247 /* ArtProductManager.swift in Sources */ = {isa = PBXBuildFile; fileRef = F82A35052AB2B84C004FF247 /* ArtProductManager.swift */; };
		F82A35082AB2B8B4004FF247 /* ArtDatum.swift in Sources */ = {isa = PBXBuildFile; fileRef = F82A35072AB2B8B4004FF247 /* ArtDatum.swift */; };
		F82A350B2AB2B8FD004FF247 /* BookShop.swift in Sources */ = {isa = PBXBuildFile; fileRef = F82A350A2AB2B8FD004FF247 /* BookShop.swift */; };
		F82A350D2AB2B916004FF247 /* CoffeeShop.swift in Sources */ = {isa = PBXBuildFile; fileRef = F82A350C2AB2B916004FF247 /* CoffeeShop.swift */; };
		F82A35102AB2D34B004FF247 /* HomeCollectionViewCell.swift in Sources */ = {isa = PBXBuildFile; fileRef = F82A350F2AB2D34B004FF247 /* HomeCollectionViewCell.swift */; };
		F82A35132AB2DDC5004FF247 /* .swiftlint.yml in Resources */ = {isa = PBXBuildFile; fileRef = F82A35122AB2DDC5004FF247 /* .swiftlint.yml */; };
		F851F73C2AB32FA80029C78E /* CoffeeShopManager.swift in Sources */ = {isa = PBXBuildFile; fileRef = F851F73B2AB32FA80029C78E /* CoffeeShopManager.swift */; };
		F851F73E2AB330870029C78E /* CoffeeShopMapViewController.swift in Sources */ = {isa = PBXBuildFile; fileRef = F851F73D2AB330870029C78E /* CoffeeShopMapViewController.swift */; };
		F851F7402AB35F5A0029C78E /* BookShopMapViewController.swift in Sources */ = {isa = PBXBuildFile; fileRef = F851F73F2AB35F5A0029C78E /* BookShopMapViewController.swift */; };
		F851F7432AB35F9A0029C78E /* BookShopManager.swift in Sources */ = {isa = PBXBuildFile; fileRef = F851F7422AB35F9A0029C78E /* BookShopManager.swift */; };
		F851F7452AB361C50029C78E /* BookShopViewController.swift in Sources */ = {isa = PBXBuildFile; fileRef = F851F7442AB361C50029C78E /* BookShopViewController.swift */; };
		F851F7472AB361DC0029C78E /* BookShopTableViewCell.swift in Sources */ = {isa = PBXBuildFile; fileRef = F851F7462AB361DC0029C78E /* BookShopTableViewCell.swift */; };
		F851F74A2AB41F690029C78E /* DetailViewController.swift in Sources */ = {isa = PBXBuildFile; fileRef = F851F7492AB41F690029C78E /* DetailViewController.swift */; };
		F851F74C2AB41F860029C78E /* DetailTableViewCell.swift in Sources */ = {isa = PBXBuildFile; fileRef = F851F74B2AB41F860029C78E /* DetailTableViewCell.swift */; };
		F8D2460B2AB328E100521C5E /* CoffeeShopViewController.swift in Sources */ = {isa = PBXBuildFile; fileRef = F8D2460A2AB328E100521C5E /* CoffeeShopViewController.swift */; };
		F8D2460E2AB32E0100521C5E /* CoffeeShopTableViewCell.swift in Sources */ = {isa = PBXBuildFile; fileRef = F8D2460D2AB32E0100521C5E /* CoffeeShopTableViewCell.swift */; };
/* End PBXBuildFile section */

/* Begin PBXFileReference section */
		02FE216777EF229DA999A7FE /* Pods-Culturist.debug.xcconfig */ = {isa = PBXFileReference; includeInIndex = 1; lastKnownFileType = text.xcconfig; name = "Pods-Culturist.debug.xcconfig"; path = "Target Support Files/Pods-Culturist/Pods-Culturist.debug.xcconfig"; sourceTree = "<group>"; };
		4AC179CAA68583C2FC0200B3 /* Pods_Culturist.framework */ = {isa = PBXFileReference; explicitFileType = wrapper.framework; includeInIndex = 0; path = Pods_Culturist.framework; sourceTree = BUILT_PRODUCTS_DIR; };
		CE761BC94AA21908482550CA /* Pods-Culturist.release.xcconfig */ = {isa = PBXFileReference; includeInIndex = 1; lastKnownFileType = text.xcconfig; name = "Pods-Culturist.release.xcconfig"; path = "Target Support Files/Pods-Culturist/Pods-Culturist.release.xcconfig"; sourceTree = "<group>"; };
		F82A34EA2AB2AC4C004FF247 /* Culturist.app */ = {isa = PBXFileReference; explicitFileType = wrapper.application; includeInIndex = 0; path = Culturist.app; sourceTree = BUILT_PRODUCTS_DIR; };
		F82A34ED2AB2AC4C004FF247 /* AppDelegate.swift */ = {isa = PBXFileReference; lastKnownFileType = sourcecode.swift; path = AppDelegate.swift; sourceTree = "<group>"; };
		F82A34EF2AB2AC4C004FF247 /* SceneDelegate.swift */ = {isa = PBXFileReference; lastKnownFileType = sourcecode.swift; path = SceneDelegate.swift; sourceTree = "<group>"; };
		F82A34F12AB2AC4C004FF247 /* HomeViewController.swift */ = {isa = PBXFileReference; lastKnownFileType = sourcecode.swift; path = HomeViewController.swift; sourceTree = "<group>"; };
		F82A34F42AB2AC4C004FF247 /* Base */ = {isa = PBXFileReference; lastKnownFileType = file.storyboard; name = Base; path = Base.lproj/Main.storyboard; sourceTree = "<group>"; };
		F82A34F62AB2AC4D004FF247 /* Assets.xcassets */ = {isa = PBXFileReference; lastKnownFileType = folder.assetcatalog; path = Assets.xcassets; sourceTree = "<group>"; };
		F82A34F92AB2AC4D004FF247 /* Base */ = {isa = PBXFileReference; lastKnownFileType = file.storyboard; name = Base; path = Base.lproj/LaunchScreen.storyboard; sourceTree = "<group>"; };
		F82A34FB2AB2AC4D004FF247 /* Info.plist */ = {isa = PBXFileReference; lastKnownFileType = text.plist.xml; path = Info.plist; sourceTree = "<group>"; };
		F82A35032AB2B672004FF247 /* GoogleService-Info.plist */ = {isa = PBXFileReference; fileEncoding = 4; lastKnownFileType = text.plist.xml; path = "GoogleService-Info.plist"; sourceTree = "<group>"; };
		F82A35052AB2B84C004FF247 /* ArtProductManager.swift */ = {isa = PBXFileReference; lastKnownFileType = sourcecode.swift; path = ArtProductManager.swift; sourceTree = "<group>"; };
		F82A35072AB2B8B4004FF247 /* ArtDatum.swift */ = {isa = PBXFileReference; lastKnownFileType = sourcecode.swift; path = ArtDatum.swift; sourceTree = "<group>"; };
		F82A350A2AB2B8FD004FF247 /* BookShop.swift */ = {isa = PBXFileReference; lastKnownFileType = sourcecode.swift; path = BookShop.swift; sourceTree = "<group>"; };
		F82A350C2AB2B916004FF247 /* CoffeeShop.swift */ = {isa = PBXFileReference; lastKnownFileType = sourcecode.swift; path = CoffeeShop.swift; sourceTree = "<group>"; };
		F82A350F2AB2D34B004FF247 /* HomeCollectionViewCell.swift */ = {isa = PBXFileReference; lastKnownFileType = sourcecode.swift; path = HomeCollectionViewCell.swift; sourceTree = "<group>"; };
		F82A35122AB2DDC5004FF247 /* .swiftlint.yml */ = {isa = PBXFileReference; lastKnownFileType = text.yaml; path = .swiftlint.yml; sourceTree = "<group>"; };
		F851F73B2AB32FA80029C78E /* CoffeeShopManager.swift */ = {isa = PBXFileReference; lastKnownFileType = sourcecode.swift; path = CoffeeShopManager.swift; sourceTree = "<group>"; };
		F851F73D2AB330870029C78E /* CoffeeShopMapViewController.swift */ = {isa = PBXFileReference; lastKnownFileType = sourcecode.swift; path = CoffeeShopMapViewController.swift; sourceTree = "<group>"; };
		F851F73F2AB35F5A0029C78E /* BookShopMapViewController.swift */ = {isa = PBXFileReference; lastKnownFileType = sourcecode.swift; path = BookShopMapViewController.swift; sourceTree = "<group>"; };
		F851F7422AB35F9A0029C78E /* BookShopManager.swift */ = {isa = PBXFileReference; lastKnownFileType = sourcecode.swift; path = BookShopManager.swift; sourceTree = "<group>"; };
		F851F7442AB361C50029C78E /* BookShopViewController.swift */ = {isa = PBXFileReference; lastKnownFileType = sourcecode.swift; path = BookShopViewController.swift; sourceTree = "<group>"; };
		F851F7462AB361DC0029C78E /* BookShopTableViewCell.swift */ = {isa = PBXFileReference; lastKnownFileType = sourcecode.swift; path = BookShopTableViewCell.swift; sourceTree = "<group>"; };
		F851F7492AB41F690029C78E /* DetailViewController.swift */ = {isa = PBXFileReference; lastKnownFileType = sourcecode.swift; path = DetailViewController.swift; sourceTree = "<group>"; };
		F851F74B2AB41F860029C78E /* DetailTableViewCell.swift */ = {isa = PBXFileReference; lastKnownFileType = sourcecode.swift; path = DetailTableViewCell.swift; sourceTree = "<group>"; };
		F8D2460A2AB328E100521C5E /* CoffeeShopViewController.swift */ = {isa = PBXFileReference; lastKnownFileType = sourcecode.swift; path = CoffeeShopViewController.swift; sourceTree = "<group>"; };
		F8D2460D2AB32E0100521C5E /* CoffeeShopTableViewCell.swift */ = {isa = PBXFileReference; lastKnownFileType = sourcecode.swift; path = CoffeeShopTableViewCell.swift; sourceTree = "<group>"; };
/* End PBXFileReference section */

/* Begin PBXFrameworksBuildPhase section */
		F82A34E72AB2AC4C004FF247 /* Frameworks */ = {
			isa = PBXFrameworksBuildPhase;
			buildActionMask = 2147483647;
			files = (
				6F386B239B8E910EA7212345 /* Pods_Culturist.framework in Frameworks */,
			);
			runOnlyForDeploymentPostprocessing = 0;
		};
/* End PBXFrameworksBuildPhase section */

/* Begin PBXGroup section */
		9A1E41190C6E6F7290373612 /* Pods */ = {
			isa = PBXGroup;
			children = (
				02FE216777EF229DA999A7FE /* Pods-Culturist.debug.xcconfig */,
				CE761BC94AA21908482550CA /* Pods-Culturist.release.xcconfig */,
			);
			path = Pods;
			sourceTree = "<group>";
		};
		B75ED660726A6ABC1A2A37FC /* Frameworks */ = {
			isa = PBXGroup;
			children = (
				4AC179CAA68583C2FC0200B3 /* Pods_Culturist.framework */,
			);
			name = Frameworks;
			sourceTree = "<group>";
		};
		F82A34E12AB2AC4C004FF247 = {
			isa = PBXGroup;
			children = (
				F82A35122AB2DDC5004FF247 /* .swiftlint.yml */,
				F82A34EC2AB2AC4C004FF247 /* Culturist */,
				F82A34EB2AB2AC4C004FF247 /* Products */,
				9A1E41190C6E6F7290373612 /* Pods */,
				B75ED660726A6ABC1A2A37FC /* Frameworks */,
			);
			sourceTree = "<group>";
		};
		F82A34EB2AB2AC4C004FF247 /* Products */ = {
			isa = PBXGroup;
			children = (
				F82A34EA2AB2AC4C004FF247 /* Culturist.app */,
			);
			name = Products;
			sourceTree = "<group>";
		};
		F82A34EC2AB2AC4C004FF247 /* Culturist */ = {
			isa = PBXGroup;
			children = (
				F82A34ED2AB2AC4C004FF247 /* AppDelegate.swift */,
				F82A34EF2AB2AC4C004FF247 /* SceneDelegate.swift */,
				F82A34F32AB2AC4C004FF247 /* Main.storyboard */,
				F82A35092AB2B8BF004FF247 /* Models */,
				F82A350E2AB2D2DD004FF247 /* HomeViewController */,
				F851F7482AB41F460029C78E /* DetailViewController */,
				F8D2460C2AB328EA00521C5E /* CoffeeShopViewController */,
				F851F7412AB35F5F0029C78E /* BookShopViewController */,
				F82A34F62AB2AC4D004FF247 /* Assets.xcassets */,
				F82A34F82AB2AC4D004FF247 /* LaunchScreen.storyboard */,
				F82A35032AB2B672004FF247 /* GoogleService-Info.plist */,
				F82A34FB2AB2AC4D004FF247 /* Info.plist */,
			);
			path = Culturist;
			sourceTree = "<group>";
		};
		F82A35092AB2B8BF004FF247 /* Models */ = {
			isa = PBXGroup;
			children = (
				F82A35072AB2B8B4004FF247 /* ArtDatum.swift */,
				F82A350A2AB2B8FD004FF247 /* BookShop.swift */,
				F82A350C2AB2B916004FF247 /* CoffeeShop.swift */,
				F82A35052AB2B84C004FF247 /* ArtProductManager.swift */,
				F851F73B2AB32FA80029C78E /* CoffeeShopManager.swift */,
				F851F7422AB35F9A0029C78E /* BookShopManager.swift */,
			);
			path = Models;
			sourceTree = "<group>";
		};
		F82A350E2AB2D2DD004FF247 /* HomeViewController */ = {
			isa = PBXGroup;
			children = (
				F82A34F12AB2AC4C004FF247 /* HomeViewController.swift */,
				F82A350F2AB2D34B004FF247 /* HomeCollectionViewCell.swift */,
			);
			path = HomeViewController;
			sourceTree = "<group>";
		};
		F851F7412AB35F5F0029C78E /* BookShopViewController */ = {
			isa = PBXGroup;
			children = (
				F851F73F2AB35F5A0029C78E /* BookShopMapViewController.swift */,
				F851F7442AB361C50029C78E /* BookShopViewController.swift */,
				F851F7462AB361DC0029C78E /* BookShopTableViewCell.swift */,
			);
			path = BookShopViewController;
			sourceTree = "<group>";
		};
		F851F7482AB41F460029C78E /* DetailViewController */ = {
			isa = PBXGroup;
			children = (
				F851F7492AB41F690029C78E /* DetailViewController.swift */,
				F851F74B2AB41F860029C78E /* DetailTableViewCell.swift */,
			);
			path = DetailViewController;
			sourceTree = "<group>";
		};
		F8D2460C2AB328EA00521C5E /* CoffeeShopViewController */ = {
			isa = PBXGroup;
			children = (
				F851F73D2AB330870029C78E /* CoffeeShopMapViewController.swift */,
				F8D2460A2AB328E100521C5E /* CoffeeShopViewController.swift */,
				F8D2460D2AB32E0100521C5E /* CoffeeShopTableViewCell.swift */,
			);
			path = CoffeeShopViewController;
			sourceTree = "<group>";
		};
/* End PBXGroup section */

/* Begin PBXNativeTarget section */
		F82A34E92AB2AC4C004FF247 /* Culturist */ = {
			isa = PBXNativeTarget;
			buildConfigurationList = F82A34FE2AB2AC4D004FF247 /* Build configuration list for PBXNativeTarget "Culturist" */;
			buildPhases = (
				69F6C808AD4C47990917ADA6 /* [CP] Check Pods Manifest.lock */,
				F82A34E62AB2AC4C004FF247 /* Sources */,
				F82A34E72AB2AC4C004FF247 /* Frameworks */,
				F82A34E82AB2AC4C004FF247 /* Resources */,
				FEF45D8F4A7B5B31CA45A7DC /* [CP] Embed Pods Frameworks */,
				F82A35112AB2DB77004FF247 /* ShellScript */,
			);
			buildRules = (
			);
			dependencies = (
			);
			name = Culturist;
			productName = Culturist;
			productReference = F82A34EA2AB2AC4C004FF247 /* Culturist.app */;
			productType = "com.apple.product-type.application";
		};
/* End PBXNativeTarget section */

/* Begin PBXProject section */
		F82A34E22AB2AC4C004FF247 /* Project object */ = {
			isa = PBXProject;
			attributes = {
				BuildIndependentTargetsInParallel = 1;
				LastSwiftUpdateCheck = 1430;
				LastUpgradeCheck = 1430;
				TargetAttributes = {
					F82A34E92AB2AC4C004FF247 = {
						CreatedOnToolsVersion = 14.3.1;
					};
				};
			};
			buildConfigurationList = F82A34E52AB2AC4C004FF247 /* Build configuration list for PBXProject "Culturist" */;
			compatibilityVersion = "Xcode 14.0";
			developmentRegion = en;
			hasScannedForEncodings = 0;
			knownRegions = (
				en,
				Base,
			);
			mainGroup = F82A34E12AB2AC4C004FF247;
			productRefGroup = F82A34EB2AB2AC4C004FF247 /* Products */;
			projectDirPath = "";
			projectRoot = "";
			targets = (
				F82A34E92AB2AC4C004FF247 /* Culturist */,
			);
		};
/* End PBXProject section */

/* Begin PBXResourcesBuildPhase section */
		F82A34E82AB2AC4C004FF247 /* Resources */ = {
			isa = PBXResourcesBuildPhase;
			buildActionMask = 2147483647;
			files = (
				F82A35132AB2DDC5004FF247 /* .swiftlint.yml in Resources */,
				F82A34FA2AB2AC4D004FF247 /* LaunchScreen.storyboard in Resources */,
				F82A35042AB2B672004FF247 /* GoogleService-Info.plist in Resources */,
				F82A34F72AB2AC4D004FF247 /* Assets.xcassets in Resources */,
				F82A34F52AB2AC4C004FF247 /* Main.storyboard in Resources */,
			);
			runOnlyForDeploymentPostprocessing = 0;
		};
/* End PBXResourcesBuildPhase section */

/* Begin PBXShellScriptBuildPhase section */
		69F6C808AD4C47990917ADA6 /* [CP] Check Pods Manifest.lock */ = {
			isa = PBXShellScriptBuildPhase;
			buildActionMask = 2147483647;
			files = (
			);
			inputFileListPaths = (
			);
			inputPaths = (
				"${PODS_PODFILE_DIR_PATH}/Podfile.lock",
				"${PODS_ROOT}/Manifest.lock",
			);
			name = "[CP] Check Pods Manifest.lock";
			outputFileListPaths = (
			);
			outputPaths = (
				"$(DERIVED_FILE_DIR)/Pods-Culturist-checkManifestLockResult.txt",
			);
			runOnlyForDeploymentPostprocessing = 0;
			shellPath = /bin/sh;
			shellScript = "diff \"${PODS_PODFILE_DIR_PATH}/Podfile.lock\" \"${PODS_ROOT}/Manifest.lock\" > /dev/null\nif [ $? != 0 ] ; then\n    # print error to STDERR\n    echo \"error: The sandbox is not in sync with the Podfile.lock. Run 'pod install' or update your CocoaPods installation.\" >&2\n    exit 1\nfi\n# This output is used by Xcode 'outputs' to avoid re-running this script phase.\necho \"SUCCESS\" > \"${SCRIPT_OUTPUT_FILE_0}\"\n";
			showEnvVarsInLog = 0;
		};
		F82A35112AB2DB77004FF247 /* ShellScript */ = {
			isa = PBXShellScriptBuildPhase;
			buildActionMask = 2147483647;
			files = (
			);
			inputFileListPaths = (
			);
			inputPaths = (
			);
			outputFileListPaths = (
			);
			outputPaths = (
			);
			runOnlyForDeploymentPostprocessing = 0;
			shellPath = /bin/sh;
			shellScript = "# Type a script or drag a script file from your workspace to insert its path.\n\"${PODS_ROOT}/SwiftLint/swiftlint\"\n";
		};
		FEF45D8F4A7B5B31CA45A7DC /* [CP] Embed Pods Frameworks */ = {
			isa = PBXShellScriptBuildPhase;
			buildActionMask = 2147483647;
			files = (
			);
			inputFileListPaths = (
				"${PODS_ROOT}/Target Support Files/Pods-Culturist/Pods-Culturist-frameworks-${CONFIGURATION}-input-files.xcfilelist",
			);
			name = "[CP] Embed Pods Frameworks";
			outputFileListPaths = (
				"${PODS_ROOT}/Target Support Files/Pods-Culturist/Pods-Culturist-frameworks-${CONFIGURATION}-output-files.xcfilelist",
			);
			runOnlyForDeploymentPostprocessing = 0;
			shellPath = /bin/sh;
			shellScript = "\"${PODS_ROOT}/Target Support Files/Pods-Culturist/Pods-Culturist-frameworks.sh\"\n";
			showEnvVarsInLog = 0;
		};
/* End PBXShellScriptBuildPhase section */

/* Begin PBXSourcesBuildPhase section */
		F82A34E62AB2AC4C004FF247 /* Sources */ = {
			isa = PBXSourcesBuildPhase;
			buildActionMask = 2147483647;
			files = (
				F851F74C2AB41F860029C78E /* DetailTableViewCell.swift in Sources */,
				F8D2460B2AB328E100521C5E /* CoffeeShopViewController.swift in Sources */,
				F851F74A2AB41F690029C78E /* DetailViewController.swift in Sources */,
				F851F73E2AB330870029C78E /* CoffeeShopMapViewController.swift in Sources */,
				F851F7452AB361C50029C78E /* BookShopViewController.swift in Sources */,
				F851F7432AB35F9A0029C78E /* BookShopManager.swift in Sources */,
				F82A34F22AB2AC4C004FF247 /* HomeViewController.swift in Sources */,
				F82A35062AB2B84C004FF247 /* ArtProductManager.swift in Sources */,
				F8D2460E2AB32E0100521C5E /* CoffeeShopTableViewCell.swift in Sources */,
				F851F73C2AB32FA80029C78E /* CoffeeShopManager.swift in Sources */,
				F851F7402AB35F5A0029C78E /* BookShopMapViewController.swift in Sources */,
				F82A34EE2AB2AC4C004FF247 /* AppDelegate.swift in Sources */,
				F82A350D2AB2B916004FF247 /* CoffeeShop.swift in Sources */,
				F82A35082AB2B8B4004FF247 /* ArtDatum.swift in Sources */,
				F82A350B2AB2B8FD004FF247 /* BookShop.swift in Sources */,
				F82A34F02AB2AC4C004FF247 /* SceneDelegate.swift in Sources */,
				F851F7472AB361DC0029C78E /* BookShopTableViewCell.swift in Sources */,
				F82A35102AB2D34B004FF247 /* HomeCollectionViewCell.swift in Sources */,
			);
			runOnlyForDeploymentPostprocessing = 0;
		};
/* End PBXSourcesBuildPhase section */

/* Begin PBXVariantGroup section */
		F82A34F32AB2AC4C004FF247 /* Main.storyboard */ = {
			isa = PBXVariantGroup;
			children = (
				F82A34F42AB2AC4C004FF247 /* Base */,
			);
			name = Main.storyboard;
			sourceTree = "<group>";
		};
		F82A34F82AB2AC4D004FF247 /* LaunchScreen.storyboard */ = {
			isa = PBXVariantGroup;
			children = (
				F82A34F92AB2AC4D004FF247 /* Base */,
			);
			name = LaunchScreen.storyboard;
			sourceTree = "<group>";
		};
/* End PBXVariantGroup section */

/* Begin XCBuildConfiguration section */
		F82A34FC2AB2AC4D004FF247 /* Debug */ = {
			isa = XCBuildConfiguration;
			buildSettings = {
				ALWAYS_SEARCH_USER_PATHS = NO;
				CLANG_ANALYZER_NONNULL = YES;
				CLANG_ANALYZER_NUMBER_OBJECT_CONVERSION = YES_AGGRESSIVE;
				CLANG_CXX_LANGUAGE_STANDARD = "gnu++20";
				CLANG_ENABLE_MODULES = YES;
				CLANG_ENABLE_OBJC_ARC = YES;
				CLANG_ENABLE_OBJC_WEAK = YES;
				CLANG_WARN_BLOCK_CAPTURE_AUTORELEASING = YES;
				CLANG_WARN_BOOL_CONVERSION = YES;
				CLANG_WARN_COMMA = YES;
				CLANG_WARN_CONSTANT_CONVERSION = YES;
				CLANG_WARN_DEPRECATED_OBJC_IMPLEMENTATIONS = YES;
				CLANG_WARN_DIRECT_OBJC_ISA_USAGE = YES_ERROR;
				CLANG_WARN_DOCUMENTATION_COMMENTS = YES;
				CLANG_WARN_EMPTY_BODY = YES;
				CLANG_WARN_ENUM_CONVERSION = YES;
				CLANG_WARN_INFINITE_RECURSION = YES;
				CLANG_WARN_INT_CONVERSION = YES;
				CLANG_WARN_NON_LITERAL_NULL_CONVERSION = YES;
				CLANG_WARN_OBJC_IMPLICIT_RETAIN_SELF = YES;
				CLANG_WARN_OBJC_LITERAL_CONVERSION = YES;
				CLANG_WARN_OBJC_ROOT_CLASS = YES_ERROR;
				CLANG_WARN_QUOTED_INCLUDE_IN_FRAMEWORK_HEADER = YES;
				CLANG_WARN_RANGE_LOOP_ANALYSIS = YES;
				CLANG_WARN_STRICT_PROTOTYPES = YES;
				CLANG_WARN_SUSPICIOUS_MOVE = YES;
				CLANG_WARN_UNGUARDED_AVAILABILITY = YES_AGGRESSIVE;
				CLANG_WARN_UNREACHABLE_CODE = YES;
				CLANG_WARN__DUPLICATE_METHOD_MATCH = YES;
				COPY_PHASE_STRIP = NO;
				DEBUG_INFORMATION_FORMAT = dwarf;
				ENABLE_STRICT_OBJC_MSGSEND = YES;
				ENABLE_TESTABILITY = YES;
				GCC_C_LANGUAGE_STANDARD = gnu11;
				GCC_DYNAMIC_NO_PIC = NO;
				GCC_NO_COMMON_BLOCKS = YES;
				GCC_OPTIMIZATION_LEVEL = 0;
				GCC_PREPROCESSOR_DEFINITIONS = (
					"DEBUG=1",
					"$(inherited)",
				);
				GCC_WARN_64_TO_32_BIT_CONVERSION = YES;
				GCC_WARN_ABOUT_RETURN_TYPE = YES_ERROR;
				GCC_WARN_UNDECLARED_SELECTOR = YES;
				GCC_WARN_UNINITIALIZED_AUTOS = YES_AGGRESSIVE;
				GCC_WARN_UNUSED_FUNCTION = YES;
				GCC_WARN_UNUSED_VARIABLE = YES;
				IPHONEOS_DEPLOYMENT_TARGET = 15.0;
				MTL_ENABLE_DEBUG_INFO = INCLUDE_SOURCE;
				MTL_FAST_MATH = YES;
				ONLY_ACTIVE_ARCH = YES;
				SDKROOT = iphoneos;
				SWIFT_ACTIVE_COMPILATION_CONDITIONS = DEBUG;
				SWIFT_OPTIMIZATION_LEVEL = "-Onone";
			};
			name = Debug;
		};
		F82A34FD2AB2AC4D004FF247 /* Release */ = {
			isa = XCBuildConfiguration;
			buildSettings = {
				ALWAYS_SEARCH_USER_PATHS = NO;
				CLANG_ANALYZER_NONNULL = YES;
				CLANG_ANALYZER_NUMBER_OBJECT_CONVERSION = YES_AGGRESSIVE;
				CLANG_CXX_LANGUAGE_STANDARD = "gnu++20";
				CLANG_ENABLE_MODULES = YES;
				CLANG_ENABLE_OBJC_ARC = YES;
				CLANG_ENABLE_OBJC_WEAK = YES;
				CLANG_WARN_BLOCK_CAPTURE_AUTORELEASING = YES;
				CLANG_WARN_BOOL_CONVERSION = YES;
				CLANG_WARN_COMMA = YES;
				CLANG_WARN_CONSTANT_CONVERSION = YES;
				CLANG_WARN_DEPRECATED_OBJC_IMPLEMENTATIONS = YES;
				CLANG_WARN_DIRECT_OBJC_ISA_USAGE = YES_ERROR;
				CLANG_WARN_DOCUMENTATION_COMMENTS = YES;
				CLANG_WARN_EMPTY_BODY = YES;
				CLANG_WARN_ENUM_CONVERSION = YES;
				CLANG_WARN_INFINITE_RECURSION = YES;
				CLANG_WARN_INT_CONVERSION = YES;
				CLANG_WARN_NON_LITERAL_NULL_CONVERSION = YES;
				CLANG_WARN_OBJC_IMPLICIT_RETAIN_SELF = YES;
				CLANG_WARN_OBJC_LITERAL_CONVERSION = YES;
				CLANG_WARN_OBJC_ROOT_CLASS = YES_ERROR;
				CLANG_WARN_QUOTED_INCLUDE_IN_FRAMEWORK_HEADER = YES;
				CLANG_WARN_RANGE_LOOP_ANALYSIS = YES;
				CLANG_WARN_STRICT_PROTOTYPES = YES;
				CLANG_WARN_SUSPICIOUS_MOVE = YES;
				CLANG_WARN_UNGUARDED_AVAILABILITY = YES_AGGRESSIVE;
				CLANG_WARN_UNREACHABLE_CODE = YES;
				CLANG_WARN__DUPLICATE_METHOD_MATCH = YES;
				COPY_PHASE_STRIP = NO;
				DEBUG_INFORMATION_FORMAT = "dwarf-with-dsym";
				ENABLE_NS_ASSERTIONS = NO;
				ENABLE_STRICT_OBJC_MSGSEND = YES;
				GCC_C_LANGUAGE_STANDARD = gnu11;
				GCC_NO_COMMON_BLOCKS = YES;
				GCC_WARN_64_TO_32_BIT_CONVERSION = YES;
				GCC_WARN_ABOUT_RETURN_TYPE = YES_ERROR;
				GCC_WARN_UNDECLARED_SELECTOR = YES;
				GCC_WARN_UNINITIALIZED_AUTOS = YES_AGGRESSIVE;
				GCC_WARN_UNUSED_FUNCTION = YES;
				GCC_WARN_UNUSED_VARIABLE = YES;
				IPHONEOS_DEPLOYMENT_TARGET = 15.0;
				MTL_ENABLE_DEBUG_INFO = NO;
				MTL_FAST_MATH = YES;
				SDKROOT = iphoneos;
				SWIFT_COMPILATION_MODE = wholemodule;
				SWIFT_OPTIMIZATION_LEVEL = "-O";
				VALIDATE_PRODUCT = YES;
			};
			name = Release;
		};
		F82A34FF2AB2AC4D004FF247 /* Debug */ = {
			isa = XCBuildConfiguration;
			baseConfigurationReference = 02FE216777EF229DA999A7FE /* Pods-Culturist.debug.xcconfig */;
			buildSettings = {
				ASSETCATALOG_COMPILER_APPICON_NAME = AppIcon;
				ASSETCATALOG_COMPILER_GLOBAL_ACCENT_COLOR_NAME = AccentColor;
				CODE_SIGN_STYLE = Automatic;
				CURRENT_PROJECT_VERSION = 1;
				DEVELOPMENT_TEAM = VLTRC7L6R5;
				GENERATE_INFOPLIST_FILE = YES;
				INFOPLIST_FILE = Culturist/Info.plist;
				INFOPLIST_KEY_UIApplicationSupportsIndirectInputEvents = YES;
				INFOPLIST_KEY_UILaunchStoryboardName = LaunchScreen;
				INFOPLIST_KEY_UIMainStoryboardFile = Main;
				INFOPLIST_KEY_UISupportedInterfaceOrientations_iPad = "UIInterfaceOrientationPortrait UIInterfaceOrientationPortraitUpsideDown UIInterfaceOrientationLandscapeLeft UIInterfaceOrientationLandscapeRight";
				INFOPLIST_KEY_UISupportedInterfaceOrientations_iPhone = "UIInterfaceOrientationPortrait UIInterfaceOrientationLandscapeLeft UIInterfaceOrientationLandscapeRight";
				LD_RUNPATH_SEARCH_PATHS = (
					"$(inherited)",
					"@executable_path/Frameworks",
				);
				MARKETING_VERSION = 1.0;
				PRODUCT_BUNDLE_IDENTIFIER = peiyun.Culturist;
				PRODUCT_NAME = "$(TARGET_NAME)";
				SWIFT_EMIT_LOC_STRINGS = YES;
				SWIFT_VERSION = 5.0;
				TARGETED_DEVICE_FAMILY = "1,2";
			};
			name = Debug;
		};
		F82A35002AB2AC4D004FF247 /* Release */ = {
			isa = XCBuildConfiguration;
			baseConfigurationReference = CE761BC94AA21908482550CA /* Pods-Culturist.release.xcconfig */;
			buildSettings = {
				ASSETCATALOG_COMPILER_APPICON_NAME = AppIcon;
				ASSETCATALOG_COMPILER_GLOBAL_ACCENT_COLOR_NAME = AccentColor;
				CODE_SIGN_STYLE = Automatic;
				CURRENT_PROJECT_VERSION = 1;
				DEVELOPMENT_TEAM = VLTRC7L6R5;
				GENERATE_INFOPLIST_FILE = YES;
				INFOPLIST_FILE = Culturist/Info.plist;
				INFOPLIST_KEY_UIApplicationSupportsIndirectInputEvents = YES;
				INFOPLIST_KEY_UILaunchStoryboardName = LaunchScreen;
				INFOPLIST_KEY_UIMainStoryboardFile = Main;
				INFOPLIST_KEY_UISupportedInterfaceOrientations_iPad = "UIInterfaceOrientationPortrait UIInterfaceOrientationPortraitUpsideDown UIInterfaceOrientationLandscapeLeft UIInterfaceOrientationLandscapeRight";
				INFOPLIST_KEY_UISupportedInterfaceOrientations_iPhone = "UIInterfaceOrientationPortrait UIInterfaceOrientationLandscapeLeft UIInterfaceOrientationLandscapeRight";
				LD_RUNPATH_SEARCH_PATHS = (
					"$(inherited)",
					"@executable_path/Frameworks",
				);
				MARKETING_VERSION = 1.0;
				PRODUCT_BUNDLE_IDENTIFIER = peiyun.Culturist;
				PRODUCT_NAME = "$(TARGET_NAME)";
				SWIFT_EMIT_LOC_STRINGS = YES;
				SWIFT_VERSION = 5.0;
				TARGETED_DEVICE_FAMILY = "1,2";
			};
			name = Release;
		};
/* End XCBuildConfiguration section */

/* Begin XCConfigurationList section */
		F82A34E52AB2AC4C004FF247 /* Build configuration list for PBXProject "Culturist" */ = {
			isa = XCConfigurationList;
			buildConfigurations = (
				F82A34FC2AB2AC4D004FF247 /* Debug */,
				F82A34FD2AB2AC4D004FF247 /* Release */,
			);
			defaultConfigurationIsVisible = 0;
			defaultConfigurationName = Release;
		};
		F82A34FE2AB2AC4D004FF247 /* Build configuration list for PBXNativeTarget "Culturist" */ = {
			isa = XCConfigurationList;
			buildConfigurations = (
				F82A34FF2AB2AC4D004FF247 /* Debug */,
				F82A35002AB2AC4D004FF247 /* Release */,
			);
			defaultConfigurationIsVisible = 0;
			defaultConfigurationName = Release;
		};
/* End XCConfigurationList section */
	};
	rootObject = F82A34E22AB2AC4C004FF247 /* Project object */;
}
